
Microsoft Visual Studio Solution File, Format Version 12.00
# Visual Studio Version 17
VisualStudioVersion = 17.8.34330.188
MinimumVisualStudioVersion = 10.0.40219.1
Project("{FAE04EC0-301F-11D3-BF4B-00C04F79EFBC}") = "SC UI", "SC UI\SC UI.csproj", "{E7084CE2-64B5-483C-9733-00C625A867E2}"
EndProject
Global
	GlobalSection(SolutionConfigurationPlatforms) = preSolution
		Debug|Any CPU = Debug|Any CPU
		Release|Any CPU = Release|Any CPU
	EndGlobalSection
	GlobalSection(ProjectConfigurationPlatforms) = postSolution
		{E7084CE2-64B5-483C-9733-00C625A867E2}.Debug|Any CPU.ActiveCfg = Debug|Any CPU
		{E7084CE2-64B5-483C-9733-00C625A867E2}.Debug|Any CPU.Build.0 = Debug|Any CPU
		{E7084CE2-64B5-483C-9733-00C625A867E2}.Release|Any CPU.ActiveCfg = Release|Any CPU
		{E7084CE2-64B5-483C-9733-00C625A867E2}.Release|Any CPU.Build.0 = Release|Any CPU
	EndGlobalSection
	GlobalSection(SolutionProperties) = preSolution
		HideSolutionNode = FALSE
	EndGlobalSection
	GlobalSection(ExtensibilityGlobals) = postSolution
		SolutionGuid = {8CB38D6A-A125-4663-8F5B-9E25244ABDCC}
	EndGlobalSection
EndGlobal
